// !$*UTF8*$!
{
	archiveVersion = 1;
	classes = {
	};
	objectVersion = 50;
	objects = {

/* Begin PBXBuildFile section */
		F95EEFEB2146F0F0009B78C6 /* AppDelegate.swift in Sources */ = {isa = PBXBuildFile; fileRef = F95EEFEA2146F0F0009B78C6 /* AppDelegate.swift */; };
		F95EEFED2146F0F0009B78C6 /* ViewController.swift in Sources */ = {isa = PBXBuildFile; fileRef = F95EEFEC2146F0F0009B78C6 /* ViewController.swift */; };
		F95EEFF02146F0F0009B78C6 /* Main.storyboard in Resources */ = {isa = PBXBuildFile; fileRef = F95EEFEE2146F0F0009B78C6 /* Main.storyboard */; };
		F95EEFF22146F0F3009B78C6 /* Assets.xcassets in Resources */ = {isa = PBXBuildFile; fileRef = F95EEFF12146F0F3009B78C6 /* Assets.xcassets */; };
		F95EEFF52146F0F3009B78C6 /* LaunchScreen.storyboard in Resources */ = {isa = PBXBuildFile; fileRef = F95EEFF32146F0F3009B78C6 /* LaunchScreen.storyboard */; };
		F95EEFFD2146F192009B78C6 /* SidebarMenu.swift in Sources */ = {isa = PBXBuildFile; fileRef = F95EEFFC2146F192009B78C6 /* SidebarMenu.swift */; };
		F95EEFFF2146F1B6009B78C6 /* EditProfile .swift in Sources */ = {isa = PBXBuildFile; fileRef = F95EEFFE2146F1B6009B78C6 /* EditProfile .swift */; };
/* End PBXBuildFile section */

/* Begin PBXFileReference section */
		F95EEFE72146F0F0009B78C6 /* mySIdeBarMenu.app */ = {isa = PBXFileReference; explicitFileType = wrapper.application; includeInIndex = 0; path = mySIdeBarMenu.app; sourceTree = BUILT_PRODUCTS_DIR; };
		F95EEFEA2146F0F0009B78C6 /* AppDelegate.swift */ = {isa = PBXFileReference; lastKnownFileType = sourcecode.swift; path = AppDelegate.swift; sourceTree = "<group>"; };
		F95EEFEC2146F0F0009B78C6 /* ViewController.swift */ = {isa = PBXFileReference; lastKnownFileType = sourcecode.swift; path = ViewController.swift; sourceTree = "<group>"; };
		F95EEFEF2146F0F0009B78C6 /* Base */ = {isa = PBXFileReference; lastKnownFileType = file.storyboard; name = Base; path = Base.lproj/Main.storyboard; sourceTree = "<group>"; };
		F95EEFF12146F0F3009B78C6 /* Assets.xcassets */ = {isa = PBXFileReference; lastKnownFileType = folder.assetcatalog; path = Assets.xcassets; sourceTree = "<group>"; };
		F95EEFF42146F0F3009B78C6 /* Base */ = {isa = PBXFileReference; lastKnownFileType = file.storyboard; name = Base; path = Base.lproj/LaunchScreen.storyboard; sourceTree = "<group>"; };
		F95EEFF62146F0F3009B78C6 /* Info.plist */ = {isa = PBXFileReference; lastKnownFileType = text.plist.xml; path = Info.plist; sourceTree = "<group>"; };
		F95EEFFC2146F192009B78C6 /* SidebarMenu.swift */ = {isa = PBXFileReference; lastKnownFileType = sourcecode.swift; path = SidebarMenu.swift; sourceTree = "<group>"; };
		F95EEFFE2146F1B6009B78C6 /* EditProfile .swift */ = {isa = PBXFileReference; lastKnownFileType = sourcecode.swift; path = "EditProfile .swift"; sourceTree = "<group>"; };
/* End PBXFileReference section */

/* Begin PBXFrameworksBuildPhase section */
		F95EEFE42146F0F0009B78C6 /* Frameworks */ = {
			isa = PBXFrameworksBuildPhase;
			buildActionMask = 2147483647;
			files = (
			);
			runOnlyForDeploymentPostprocessing = 0;
		};
/* End PBXFrameworksBuildPhase section */

/* Begin PBXGroup section */
		F95EEFDE2146F0F0009B78C6 = {
			isa = PBXGroup;
			children = (
				F95EEFE92146F0F0009B78C6 /* mySIdeBarMenu */,
				F95EEFE82146F0F0009B78C6 /* Products */,
			);
			sourceTree = "<group>";
		};
		F95EEFE82146F0F0009B78C6 /* Products */ = {
			isa = PBXGroup;
			children = (
				F95EEFE72146F0F0009B78C6 /* mySIdeBarMenu.app */,
			);
			name = Products;
			sourceTree = "<group>";
		};
		F95EEFE92146F0F0009B78C6 /* mySIdeBarMenu */ = {
			isa = PBXGroup;
			children = (
				F95EEFEA2146F0F0009B78C6 /* AppDelegate.swift */,
				F95EEFEC2146F0F0009B78C6 /* ViewController.swift */,
				F95EEFFC2146F192009B78C6 /* SidebarMenu.swift */,
				F95EEFFE2146F1B6009B78C6 /* EditProfile .swift */,
				F95EEFEE2146F0F0009B78C6 /* Main.storyboard */,
				F95EEFF12146F0F3009B78C6 /* Assets.xcassets */,
				F95EEFF32146F0F3009B78C6 /* LaunchScreen.storyboard */,
				F95EEFF62146F0F3009B78C6 /* Info.plist */,
			);
			path = mySIdeBarMenu;
			sourceTree = "<group>";
		};
/* End PBXGroup section */

/* Begin PBXNativeTarget section */
		F95EEFE62146F0F0009B78C6 /* mySIdeBarMenu */ = {
			isa = PBXNativeTarget;
			buildConfigurationList = F95EEFF92146F0F3009B78C6 /* Build configuration list for PBXNativeTarget "mySIdeBarMenu" */;
			buildPhases = (
				F95EEFE32146F0F0009B78C6 /* Sources */,
				F95EEFE42146F0F0009B78C6 /* Frameworks */,
				F95EEFE52146F0F0009B78C6 /* Resources */,
			);
			buildRules = (
			);
			dependencies = (
			);
			name = mySIdeBarMenu;
			productName = mySIdeBarMenu;
			productReference = F95EEFE72146F0F0009B78C6 /* mySIdeBarMenu.app */;
			productType = "com.apple.product-type.application";
		};
/* End PBXNativeTarget section */

/* Begin PBXProject section */
		F95EEFDF2146F0F0009B78C6 /* Project object */ = {
			isa = PBXProject;
			attributes = {
				LastSwiftUpdateCheck = 1000;
				LastUpgradeCheck = 1000;
				ORGANIZATIONNAME = "Sateesh Dara";
				TargetAttributes = {
					F95EEFE62146F0F0009B78C6 = {
						CreatedOnToolsVersion = 10.0;
					};
				};
			};
			buildConfigurationList = F95EEFE22146F0F0009B78C6 /* Build configuration list for PBXProject "mySIdeBarMenu" */;
			compatibilityVersion = "Xcode 9.3";
			developmentRegion = en;
			hasScannedForEncodings = 0;
			knownRegions = (
				en,
				Base,
			);
			mainGroup = F95EEFDE2146F0F0009B78C6;
			productRefGroup = F95EEFE82146F0F0009B78C6 /* Products */;
			projectDirPath = "";
			projectRoot = "";
			targets = (
				F95EEFE62146F0F0009B78C6 /* mySIdeBarMenu */,
			);
		};
/* End PBXProject section */

/* Begin PBXResourcesBuildPhase section */
		F95EEFE52146F0F0009B78C6 /* Resources */ = {
			isa = PBXResourcesBuildPhase;
			buildActionMask = 2147483647;
			files = (
				F95EEFF52146F0F3009B78C6 /* LaunchScreen.storyboard in Resources */,
				F95EEFF22146F0F3009B78C6 /* Assets.xcassets in Resources */,
				F95EEFF02146F0F0009B78C6 /* Main.storyboard in Resources */,
			);
			runOnlyForDeploymentPostprocessing = 0;
		};
/* End PBXResourcesBuildPhase section */

/* Begin PBXSourcesBuildPhase section */
		F95EEFE32146F0F0009B78C6 /* Sources */ = {
			isa = PBXSourcesBuildPhase;
			buildActionMask = 2147483647;
			files = (
				F95EEFFF2146F1B6009B78C6 /* EditProfile .swift in Sources */,
				F95EEFFD2146F192009B78C6 /* SidebarMenu.swift in Sources */,
				F95EEFED2146F0F0009B78C6 /* ViewController.swift in Sources */,
				F95EEFEB2146F0F0009B78C6 /* AppDelegate.swift in Sources */,
			);
			runOnlyForDeploymentPostprocessing = 0;
		};
/* End PBXSourcesBuildPhase section */

/* Begin PBXVariantGroup section */
		F95EEFEE2146F0F0009B78C6 /* Main.storyboard */ = {
			isa = PBXVariantGroup;
			children = (
				F95EEFEF2146F0F0009B78C6 /* Base */,
			);
			name = Main.storyboard;
			sourceTree = "<group>";
		};
		F95EEFF32146F0F3009B78C6 /* LaunchScreen.storyboard */ = {
			isa = PBXVariantGroup;
			children = (
				F95EEFF42146F0F3009B78C6 /* Base */,
			);
			name = LaunchScreen.storyboard;
			sourceTree = "<group>";
		};
/* End PBXVariantGroup section */

/* Begin XCBuildConfiguration section */
		F95EEFF72146F0F3009B78C6 /* Debug */ = {
			isa = XCBuildConfiguration;
			buildSettings = {
				ALWAYS_SEARCH_USER_PATHS = NO;
				CLANG_ANALYZER_NONNULL = YES;
				CLANG_ANALYZER_NUMBER_OBJECT_CONVERSION = YES_AGGRESSIVE;
				CLANG_CXX_LANGUAGE_STANDARD = "gnu++14";
				CLANG_CXX_LIBRARY = "libc++";
				CLANG_ENABLE_MODULES = YES;
				CLANG_ENABLE_OBJC_ARC = YES;
				CLANG_ENABLE_OBJC_WEAK = YES;
				CLANG_WARN_BLOCK_CAPTURE_AUTORELEASING = YES;
				CLANG_WARN_BOOL_CONVERSION = YES;
				CLANG_WARN_COMMA = YES;
				CLANG_WARN_CONSTANT_CONVERSION = YES;
				CLANG_WARN_DEPRECATED_OBJC_IMPLEMENTATIONS = YES;
				CLANG_WARN_DIRECT_OBJC_ISA_USAGE = YES_ERROR;
				CLANG_WARN_DOCUMENTATION_COMMENTS = YES;
				CLANG_WARN_EMPTY_BODY = YES;
				CLANG_WARN_ENUM_CONVERSION = YES;
				CLANG_WARN_INFINITE_RECURSION = YES;
				CLANG_WARN_INT_CONVERSION = YES;
				CLANG_WARN_NON_LITERAL_NULL_CONVERSION = YES;
				CLANG_WARN_OBJC_IMPLICIT_RETAIN_SELF = YES;
				CLANG_WARN_OBJC_LITERAL_CONVERSION = YES;
				CLANG_WARN_OBJC_ROOT_CLASS = YES_ERROR;
				CLANG_WARN_RANGE_LOOP_ANALYSIS = YES;
				CLANG_WARN_STRICT_PROTOTYPES = YES;
				CLANG_WARN_SUSPICIOUS_MOVE = YES;
				CLANG_WARN_UNGUARDED_AVAILABILITY = YES_AGGRESSIVE;
				CLANG_WARN_UNREACHABLE_CODE = YES;
				CLANG_WARN__DUPLICATE_METHOD_MATCH = YES;
				CODE_SIGN_IDENTITY = "iPhone Developer";
				COPY_PHASE_STRIP = NO;
				DEBUG_INFORMATION_FORMAT = dwarf;
				ENABLE_STRICT_OBJC_MSGSEND = YES;
				ENABLE_TESTABILITY = YES;
				GCC_C_LANGUAGE_STANDARD = gnu11;
				GCC_DYNAMIC_NO_PIC = NO;
				GCC_NO_COMMON_BLOCKS = YES;
				GCC_OPTIMIZATION_LEVEL = 0;
				GCC_PREPROCESSOR_DEFINITIONS = (
					"DEBUG=1",
					"$(inherited)",
				);
				GCC_WARN_64_TO_32_BIT_CONVERSION = YES;
				GCC_WARN_ABOUT_RETURN_TYPE = YES_ERROR;
				GCC_WARN_UNDECLARED_SELECTOR = YES;
				GCC_WARN_UNINITIALIZED_AUTOS = YES_AGGRESSIVE;
				GCC_WARN_UNUSED_FUNCTION = YES;
				GCC_WARN_UNUSED_VARIABLE = YES;
				IPHONEOS_DEPLOYMENT_TARGET = 12.0;
				MTL_ENABLE_DEBUG_INFO = INCLUDE_SOURCE;
				MTL_FAST_MATH = YES;
				ONLY_ACTIVE_ARCH = YES;
				SDKROOT = iphoneos;
				SWIFT_ACTIVE_COMPILATION_CONDITIONS = DEBUG;
				SWIFT_OPTIMIZATION_LEVEL = "-Onone";
			};
			name = Debug;
		};
		F95EEFF82146F0F3009B78C6 /* Release */ = {
			isa = XCBuildConfiguration;
			buildSettings = {
				ALWAYS_SEARCH_USER_PATHS = NO;
				CLANG_ANALYZER_NONNULL = YES;
				CLANG_ANALYZER_NUMBER_OBJECT_CONVERSION = YES_AGGRESSIVE;
				CLANG_CXX_LANGUAGE_STANDARD = "gnu++14";
				CLANG_CXX_LIBRARY = "libc++";
				CLANG_ENABLE_MODULES = YES;
				CLANG_ENABLE_OBJC_ARC = YES;
				CLANG_ENABLE_OBJC_WEAK = YES;
				CLANG_WARN_BLOCK_CAPTURE_AUTORELEASING = YES;
				CLANG_WARN_BOOL_CONVERSION = YES;
				CLANG_WARN_COMMA = YES;
				CLANG_WARN_CONSTANT_CONVERSION = YES;
				CLANG_WARN_DEPRECATED_OBJC_IMPLEMENTATIONS = YES;
				CLANG_WARN_DIRECT_OBJC_ISA_USAGE = YES_ERROR;
				CLANG_WARN_DOCUMENTATION_COMMENTS = YES;
				CLANG_WARN_EMPTY_BODY = YES;
				CLANG_WARN_ENUM_CONVERSION = YES;
				CLANG_WARN_INFINITE_RECURSION = YES;
				CLANG_WARN_INT_CONVERSION = YES;
				CLANG_WARN_NON_LITERAL_NULL_CONVERSION = YES;
				CLANG_WARN_OBJC_IMPLICIT_RETAIN_SELF = YES;
				CLANG_WARN_OBJC_LITERAL_CONVERSION = YES;
				CLANG_WARN_OBJC_ROOT_CLASS = YES_ERROR;
				CLANG_WARN_RANGE_LOOP_ANALYSIS = YES;
				CLANG_WARN_STRICT_PROTOTYPES = YES;
				CLANG_WARN_SUSPICIOUS_MOVE = YES;
				CLANG_WARN_UNGUARDED_AVAILABILITY = YES_AGGRESSIVE;
				CLANG_WARN_UNREACHABLE_CODE = YES;
				CLANG_WARN__DUPLICATE_METHOD_MATCH = YES;
				CODE_SIGN_IDENTITY = "iPhone Developer";
				COPY_PHASE_STRIP = NO;
				DEBUG_INFORMATION_FORMAT = "dwarf-with-dsym";
				ENABLE_NS_ASSERTIONS = NO;
				ENABLE_STRICT_OBJC_MSGSEND = YES;
				GCC_C_LANGUAGE_STANDARD = gnu11;
				GCC_NO_COMMON_BLOCKS = YES;
				GCC_WARN_64_TO_32_BIT_CONVERSION = YES;
				GCC_WARN_ABOUT_RETURN_TYPE = YES_ERROR;
				GCC_WARN_UNDECLARED_SELECTOR = YES;
				GCC_WARN_UNINITIALIZED_AUTOS = YES_AGGRESSIVE;
				GCC_WARN_UNUSED_FUNCTION = YES;
				GCC_WARN_UNUSED_VARIABLE = YES;
				IPHONEOS_DEPLOYMENT_TARGET = 12.0;
				MTL_ENABLE_DEBUG_INFO = NO;
				MTL_FAST_MATH = YES;
				SDKROOT = iphoneos;
				SWIFT_COMPILATION_MODE = wholemodule;
				SWIFT_OPTIMIZATION_LEVEL = "-O";
				VALIDATE_PRODUCT = YES;
			};
			name = Release;
		};
		F95EEFFA2146F0F3009B78C6 /* Debug */ = {
			isa = XCBuildConfiguration;
			buildSettings = {
				ASSETCATALOG_COMPILER_APPICON_NAME = AppIcon;
				CODE_SIGN_STYLE = Automatic;
				DEVELOPMENT_TEAM = S62SQ3NG7B;
				INFOPLIST_FILE = mySIdeBarMenu/Info.plist;
				LD_RUNPATH_SEARCH_PATHS = (
					"$(inherited)",
					"@executable_path/Frameworks",
				);
				PRODUCT_BUNDLE_IDENTIFIER = com.sateeshdara.mySIdeBarMenu;
				PRODUCT_NAME = "$(TARGET_NAME)";
				SWIFT_VERSION = 4.2;
				TARGETED_DEVICE_FAMILY = "1,2";
			};
			name = Debug;
		};
		F95EEFFB2146F0F3009B78C6 /* Release */ = {
			isa = XCBuildConfiguration;
			buildSettings = {
				ASSETCATALOG_COMPILER_APPICON_NAME = AppIcon;
				CODE_SIGN_STYLE = Automatic;
				DEVELOPMENT_TEAM = S62SQ3NG7B;
				INFOPLIST_FILE = mySIdeBarMenu/Info.plist;
				LD_RUNPATH_SEARCH_PATHS = (
					"$(inherited)",
					"@executable_path/Frameworks",
				);
				PRODUCT_BUNDLE_IDENTIFIER = com.sateeshdara.mySIdeBarMenu;
				PRODUCT_NAME = "$(TARGET_NAME)";
				SWIFT_VERSION = 4.2;
				TARGETED_DEVICE_FAMILY = "1,2";
			};
			name = Release;
		};
/* End XCBuildConfiguration section */

/* Begin XCConfigurationList section */
		F95EEFE22146F0F0009B78C6 /* Build configuration list for PBXProject "mySIdeBarMenu" */ = {
			isa = XCConfigurationList;
			buildConfigurations = (
				F95EEFF72146F0F3009B78C6 /* Debug */,
				F95EEFF82146F0F3009B78C6 /* Release */,
			);
			defaultConfigurationIsVisible = 0;
			defaultConfigurationName = Release;
		};
		F95EEFF92146F0F3009B78C6 /* Build configuration list for PBXNativeTarget "mySIdeBarMenu" */ = {
			isa = XCConfigurationList;
			buildConfigurations = (
				F95EEFFA2146F0F3009B78C6 /* Debug */,
				F95EEFFB2146F0F3009B78C6 /* Release */,
			);
			defaultConfigurationIsVisible = 0;
			defaultConfigurationName = Release;
		};
/* End XCConfigurationList section */
	};
	rootObject = F95EEFDF2146F0F0009B78C6 /* Project object */;
}
